
Microsoft Visual Studio Solution File, Format Version 12.00
# Visual Studio 15
VisualStudioVersion = 15.0.26730.16
MinimumVisualStudioVersion = 10.0.40219.1
Project("{FAE04EC0-301F-11D3-BF4B-00C04F79EFBC}") = "ITUniver.TeleCalc.ConCalc", "ITUniver.TeleCalc.ConCalc\ITUniver.TeleCalc.ConCalc.csproj", "{BD241E3D-AF37-4896-BD24-C98349B4AE70}"
EndProject
Project("{FAE04EC0-301F-11D3-BF4B-00C04F79EFBC}") = "ITUniver.TeleCalc.Core", "ITUniver.TeleCalc.Core\ITUniver.TeleCalc.Core.csproj", "{1CDC5487-A58E-415E-BC66-0B4EF35C70B9}"
EndProject
Project("{FAE04EC0-301F-11D3-BF4B-00C04F79EFBC}") = "IT_UNIVER.TeleCalc.Web", "IT_UNIVER.TeleCalc.Web\IT_UNIVER.TeleCalc.Web.csproj", "{F58D27B4-8217-43B2-B206-944989B756FF}"
	ProjectSection(ProjectDependencies) = postProject
		{1CDC5487-A58E-415E-BC66-0B4EF35C70B9} = {1CDC5487-A58E-415E-BC66-0B4EF35C70B9}
	EndProjectSection
EndProject
Global
	GlobalSection(SolutionConfigurationPlatforms) = preSolution
		Debug|Any CPU = Debug|Any CPU
		Release|Any CPU = Release|Any CPU
	EndGlobalSection
	GlobalSection(ProjectConfigurationPlatforms) = postSolution
		{BD241E3D-AF37-4896-BD24-C98349B4AE70}.Debug|Any CPU.ActiveCfg = Debug|Any CPU
		{BD241E3D-AF37-4896-BD24-C98349B4AE70}.Debug|Any CPU.Build.0 = Debug|Any CPU
		{BD241E3D-AF37-4896-BD24-C98349B4AE70}.Release|Any CPU.ActiveCfg = Release|Any CPU
		{BD241E3D-AF37-4896-BD24-C98349B4AE70}.Release|Any CPU.Build.0 = Release|Any CPU
		{1CDC5487-A58E-415E-BC66-0B4EF35C70B9}.Debug|Any CPU.ActiveCfg = Debug|Any CPU
		{1CDC5487-A58E-415E-BC66-0B4EF35C70B9}.Debug|Any CPU.Build.0 = Debug|Any CPU
		{1CDC5487-A58E-415E-BC66-0B4EF35C70B9}.Release|Any CPU.ActiveCfg = Release|Any CPU
		{1CDC5487-A58E-415E-BC66-0B4EF35C70B9}.Release|Any CPU.Build.0 = Release|Any CPU
		{F58D27B4-8217-43B2-B206-944989B756FF}.Debug|Any CPU.ActiveCfg = Debug|Any CPU
		{F58D27B4-8217-43B2-B206-944989B756FF}.Debug|Any CPU.Build.0 = Debug|Any CPU
		{F58D27B4-8217-43B2-B206-944989B756FF}.Release|Any CPU.ActiveCfg = Release|Any CPU
		{F58D27B4-8217-43B2-B206-944989B756FF}.Release|Any CPU.Build.0 = Release|Any CPU
	EndGlobalSection
	GlobalSection(SolutionProperties) = preSolution
		HideSolutionNode = FALSE
	EndGlobalSection
	GlobalSection(ExtensibilityGlobals) = postSolution
		SolutionGuid = {E9CA3808-AD0A-4035-96E5-EB8CFEB51BB0}
	EndGlobalSection
EndGlobal
